
Microsoft Visual Studio Solution File, Format Version 12.00
# Visual Studio Version 16
VisualStudioVersion = 16.0.29728.190
MinimumVisualStudioVersion = 10.0.40219.1
Project("{FAE04EC0-301F-11D3-BF4B-00C04F79EFBC}") = "covid-19", "covid-19\covid-19.csproj", "{C335D54C-CB0B-4103-9D7B-88A7E6F50EAF}"
EndProject
Global
	GlobalSection(SolutionConfigurationPlatforms) = preSolution
		Debug|Any CPU = Debug|Any CPU
		Release|Any CPU = Release|Any CPU
	EndGlobalSection
	GlobalSection(ProjectConfigurationPlatforms) = postSolution
		{C335D54C-CB0B-4103-9D7B-88A7E6F50EAF}.Debug|Any CPU.ActiveCfg = Debug|Any CPU
		{C335D54C-CB0B-4103-9D7B-88A7E6F50EAF}.Debug|Any CPU.Build.0 = Debug|Any CPU
		{C335D54C-CB0B-4103-9D7B-88A7E6F50EAF}.Release|Any CPU.ActiveCfg = Release|Any CPU
		{C335D54C-CB0B-4103-9D7B-88A7E6F50EAF}.Release|Any CPU.Build.0 = Release|Any CPU
	EndGlobalSection
	GlobalSection(SolutionProperties) = preSolution
		HideSolutionNode = FALSE
	EndGlobalSection
	GlobalSection(ExtensibilityGlobals) = postSolution
		SolutionGuid = {D97D459B-D9EF-451A-A4CE-E436F2AC6351}
	EndGlobalSection
EndGlobal
